{
  "requires": true,
  "lockfileVersion": 1,
  "dependencies": {
    "@swimlane/ngx-datatable": {
      "version": "16.0.2",
      "resolved": "https://registry.npmjs.org/@swimlane/ngx-datatable/-/ngx-datatable-16.0.2.tgz",
      "integrity": "sha512-+JxVumYGr4wON2YC0dXYt0vWmWNaWcVFWdAfrb6gXL/6iAJco70rX59lFvQ6ubFVgDKCsf+QycBXODvLnHaGUQ==",
      "requires": {
        "tslib": "^1.9.0"
      }
    },
    "tslib": {
      "version": "1.10.0",
      "resolved": "https://registry.npmjs.org/tslib/-/tslib-1.10.0.tgz",
      "integrity": "sha512-qOebF53frne81cf0S9B41ByenJ3/IuH8yJKngAX35CmiZySA0khhkovshKK+jGCaMnVomla7gVlIcc3EvKPbTQ=="
    }
  }
}
